{
  "requires": true,
  "lockfileVersion": 1,
  "dependencies": {
    "cos-js-sdk-v5": {
      "version": "0.5.27",
      "resolved": "https://registry.npm.taobao.org/cos-js-sdk-v5/download/cos-js-sdk-v5-0.5.27.tgz",
      "integrity": "sha1-InWbwys/DGPK8zKEABQPl/UP5rM=",
      "requires": {
        "xmldom": "^0.1.27"
      }
    },
    "cos-wx-sdk-v5": {
      "version": "0.7.11",
      "resolved": "https://registry.npm.taobao.org/cos-wx-sdk-v5/download/cos-wx-sdk-v5-0.7.11.tgz",
      "integrity": "sha1-UJNw9X34JI6/qhJuECUKjwQCSaQ=",
      "requires": {
        "xmldom": "^0.1.27"
      }
    },
    "decode-uri-component": {
      "version": "0.2.0",
      "resolved": "https://registry.npm.taobao.org/decode-uri-component/download/decode-uri-component-0.2.0.tgz",
      "integrity": "sha1-6zkTMzRYd1y4TNGh+uBiEGu4dUU="
    },
    "qs": {
      "version": "6.9.4",
      "resolved": "https://registry.npm.taobao.org/qs/download/qs-6.9.4.tgz",
      "integrity": "sha1-kJCykNH5FyjTwi5UhDykSupatoc="
    },
    "query-string": {
      "version": "6.13.2",
      "resolved": "https://registry.npm.taobao.org/query-string/download/query-string-6.13.2.tgz?cache=0&sync_timestamp=1600011378179&other_urls=https%3A%2F%2Fregistry.npm.taobao.org%2Fquery-string%2Fdownload%2Fquery-string-6.13.2.tgz",
      "integrity": "sha1-NYWqlBLJV8vTWP1erKdGbwVYbdo=",
      "requires": {
        "decode-uri-component": "^0.2.0",
        "split-on-first": "^1.0.0",
        "strict-uri-encode": "^2.0.0"
      }
    },
    "recorder-core": {
      "version": "1.1.20062600",
      "resolved": "https://registry.npm.taobao.org/recorder-core/download/recorder-core-1.1.20062600.tgz",
      "integrity": "sha1-26RD8B5uHd/tZ+MEdp1XPI5wmps="
    },
    "spark-md5": {
      "version": "3.0.1",
      "resolved": "https://registry.npm.taobao.org/spark-md5/download/spark-md5-3.0.1.tgz",
      "integrity": "sha1-g6DiVXNPKrTlxGblos/JuiqiEk0="
    },
    "split-on-first": {
      "version": "1.1.0",
      "resolved": "https://registry.npm.taobao.org/split-on-first/download/split-on-first-1.1.0.tgz",
      "integrity": "sha1-9hCv7uOxK84dDDBCXnY5i3gkml8="
    },
    "strict-uri-encode": {
      "version": "2.0.0",
      "resolved": "https://registry.npm.taobao.org/strict-uri-encode/download/strict-uri-encode-2.0.0.tgz",
      "integrity": "sha1-ucczDHBChi9rFC3CdLvMWGbONUY="
    },
    "tim-wx-sdk": {
      "version": "2.7.7",
      "resolved": "https://registry.npm.taobao.org/tim-wx-sdk/download/tim-wx-sdk-2.7.7.tgz",
      "integrity": "sha1-2kpq1hfhm2xu3lNtXTbtxNuc0OU="
    },
    "uni-simple-router": {
      "version": "1.5.5",
      "resolved": "https://registry.npm.taobao.org/uni-simple-router/download/uni-simple-router-1.5.5.tgz",
      "integrity": "sha1-WY9K2+zpg3L3z+s7imJwibQgOJk=",
      "requires": {
        "query-string": "^6.12.1"
      }
    },
    "vconsole": {
      "version": "3.3.4",
      "resolved": "https://registry.npm.taobao.org/vconsole/download/vconsole-3.3.4.tgz",
      "integrity": "sha1-p9rNiIez0+kC6NGEJc2lbDTnf1E="
    },
    "xmldom": {
      "version": "0.1.31",
      "resolved": "https://registry.npm.taobao.org/xmldom/download/xmldom-0.1.31.tgz",
      "integrity": "sha1-t2yaG9nwqXN+WnLcNyMc84N14v8="
    }
  }
}
